
Microsoft Visual Studio Solution File, Format Version 12.00
# Visual Studio 15
VisualStudioVersion = 15.0.28307.271
MinimumVisualStudioVersion = 10.0.40219.1
Project("{FAE04EC0-301F-11D3-BF4B-00C04F79EFBC}") = "PatientMonitorContractLib", "PatientMonitorContractLib\PatientMonitorContractLib.csproj", "{FB3F57FE-EF5E-4C8C-A75F-397651C8E2AD}"
EndProject
Project("{FAE04EC0-301F-11D3-BF4B-00C04F79EFBC}") = "PatientMonitorLib", "PatientMonitorLib\PatientMonitorLib.csproj", "{83AC438B-3593-4FC2-A831-BB0B9119D922}"
EndProject
Project("{FAE04EC0-301F-11D3-BF4B-00C04F79EFBC}") = "VitalSignContractLib", "EnablePatientVitalSignsContractLib\VitalSignContractLib.csproj", "{D30FB424-628A-41FA-8996-1A339E805E42}"
EndProject
Project("{FAE04EC0-301F-11D3-BF4B-00C04F79EFBC}") = "VitalSignLib", "VitalSignLib\VitalSignLib.csproj", "{B40140AD-E904-4C03-9F10-3DE526BBCEAA}"
EndProject
Project("{FAE04EC0-301F-11D3-BF4B-00C04F79EFBC}") = "DataStoreLib", "RepositoryLib\DataStoreLib.csproj", "{695ED32C-C442-44C4-BDBA-B2717A11440D}"
EndProject
Project("{FAE04EC0-301F-11D3-BF4B-00C04F79EFBC}") = "EnableVitalSignContractLib", "EnableVitalSignContractLib\EnableVitalSignContractLib.csproj", "{C2B2FFB7-F12B-42BC-83B0-2BF26A46C976}"
EndProject
Project("{FAE04EC0-301F-11D3-BF4B-00C04F79EFBC}") = "EnableVitalSignLib", "EnableVitalSignLib\EnableVitalSignLib.csproj", "{0359688A-AC90-442B-A5A4-873E91DE0AB5}"
EndProject
Project("{FAE04EC0-301F-11D3-BF4B-00C04F79EFBC}") = "PatientVitalSignReaderLib", "PatientVitalSignReaderLib\PatientVitalSignReaderLib.csproj", "{AED2419B-7B57-4AA1-8B47-E2036D926A48}"
EndProject
Project("{FAE04EC0-301F-11D3-BF4B-00C04F79EFBC}") = "PatientVitalSignReaderContractLib", "PatientVitalSignReaderContractLib\PatientVitalSignReaderContractLib.csproj", "{5F57A493-CA10-43D2-8AE5-2EA45E590899}"
EndProject
Project("{FAE04EC0-301F-11D3-BF4B-00C04F79EFBC}") = "ValidatePatientVitalSignContractLib", "ValidatePatientVitalSignContractLib\ValidatePatientVitalSignContractLib.csproj", "{BEB070BD-D818-43A6-B52F-D983E89E885A}"
EndProject
Project("{FAE04EC0-301F-11D3-BF4B-00C04F79EFBC}") = "ValidatePatientSpo2Lib", "ValidatePatientSpo2Lib\ValidatePatientSpo2Lib.csproj", "{62380424-2B7F-4A09-8F90-CDCB623A4478}"
EndProject
Project("{FAE04EC0-301F-11D3-BF4B-00C04F79EFBC}") = "ValidatePatientPulseRateLib", "ValidatePatientPulseRateLib\ValidatePatientPulseRateLib.csproj", "{D4D2493D-3125-4A3E-BE1C-9D467D01B053}"
EndProject
Project("{FAE04EC0-301F-11D3-BF4B-00C04F79EFBC}") = "ValidatePatientTemperatureLib", "ValidatePatientTemperatureLib\ValidatePatientTemperatureLib.csproj", "{D90B74F6-67C4-4814-85E8-2C98FEEBA868}"
EndProject
Project("{FAE04EC0-301F-11D3-BF4B-00C04F79EFBC}") = "JsonPatientVitalSignParserContractLib", "JsonPatientVitalSignParserContractLib\JsonPatientVitalSignParserContractLib.csproj", "{79F67790-56DD-4B4F-92EC-279A1056DD5F}"
EndProject
Project("{FAE04EC0-301F-11D3-BF4B-00C04F79EFBC}") = "JsonPatientVitalSignParserLib", "JsonPatientVitalSignParserLib\JsonPatientVitalSignParserLib.csproj", "{86731570-6C36-4F7A-AB83-BC1F6299E43B}"
EndProject
Project("{FAE04EC0-301F-11D3-BF4B-00C04F79EFBC}") = "PatientAlertingSystemHost", "PatientAlertingSystemHost\PatientAlertingSystemHost.csproj", "{D4E0B900-586A-4B84-B88D-4BC1735D142F}"
EndProject
Project("{2150E333-8FDC-42A3-9474-1A3956D46DE8}") = "PatientMonitoring", "PatientMonitoring", "{C46B4DD0-7CE8-4A89-819B-F2FF5B688613}"
EndProject
Project("{2150E333-8FDC-42A3-9474-1A3956D46DE8}") = "Interfaces", "Interfaces", "{97C81E82-AB13-4554-80E3-698D7227FAE3}"
EndProject
Project("{2150E333-8FDC-42A3-9474-1A3956D46DE8}") = "Alerting", "Alerting", "{2DA559D2-BBBB-4887-AF7A-3A4ACE49CFA7}"
EndProject
Project("{2150E333-8FDC-42A3-9474-1A3956D46DE8}") = "Services", "Services", "{D1D916AD-6504-4A05-9390-CAC16F75F530}"
EndProject
Project("{FAE04EC0-301F-11D3-BF4B-00C04F79EFBC}") = "AlertingSystemControllerLib", "AlertingSystemControllerLib\AlertingSystemControllerLib.csproj", "{7BA09F25-CC1A-4AD5-B13D-A6F890E29FFF}"
EndProject
Project("{FAE04EC0-301F-11D3-BF4B-00C04F79EFBC}") = "AlertingSystemControllerContractLib", "AlertingSystemControllerContractLib\AlertingSystemControllerContractLib.csproj", "{8C092B83-97E0-4DF8-9CF0-22DBCFC22B6A}"
EndProject
Project("{FAE04EC0-301F-11D3-BF4B-00C04F79EFBC}") = "PatientMonitorControllerContractLib", "PatientMonitorControllerContractLib\PatientMonitorControllerContractLib.csproj", "{A01BF447-7604-4785-AA1E-ACEC9022EF83}"
EndProject
Project("{FAE04EC0-301F-11D3-BF4B-00C04F79EFBC}") = "PatientMonitorControllerLib", "PatientMonitorControllerLib\PatientMonitorControllerLib.csproj", "{3CF29AC9-F06D-4B22-A6C9-E4D4D7E1CF30}"
EndProject
Project("{2150E333-8FDC-42A3-9474-1A3956D46DE8}") = "DataStorage", "DataStorage", "{4BE74B31-0226-4DB5-A43F-3D0A53EA3DD1}"
EndProject
Project("{FAE04EC0-301F-11D3-BF4B-00C04F79EFBC}") = "PatientVitalSignWriterContractLib", "PatientVitalSignWriterContractLib\PatientVitalSignWriterContractLib.csproj", "{4EE1C262-246F-4E00-BC9E-871F6E17ECE8}"
EndProject
Project("{FAE04EC0-301F-11D3-BF4B-00C04F79EFBC}") = "PatientVitalSignWriterLib", "PatientVitalSignWriterLib\PatientVitalSignWriterLib.csproj", "{0AC959AF-486D-41DB-B551-3313848A01E7}"
EndProject
Project("{FAE04EC0-301F-11D3-BF4B-00C04F79EFBC}") = "DataStoreControllerLib", "DataStoreControllerLib\DataStoreControllerLib.csproj", "{DE3210F0-406D-4D3D-8724-CA057C86E367}"
EndProject
Project("{FAE04EC0-301F-11D3-BF4B-00C04F79EFBC}") = "DataStoreControllerContractLib", "DataStoreControllerContractLib\DataStoreControllerContractLib.csproj", "{561F26B5-EEA4-4BA5-BE4F-69B8333E2ACC}"
EndProject
Project("{FAE04EC0-301F-11D3-BF4B-00C04F79EFBC}") = "GeneratePatientVitalSignContractLib", "GeneratePatientVitalSignContractLib\GeneratePatientVitalSignContractLib.csproj", "{CB8D2F1F-4486-41C8-B496-126608ECD85B}"
EndProject
Project("{FAE04EC0-301F-11D3-BF4B-00C04F79EFBC}") = "PatientSpo2GeneratorLib", "PatientSpo2GeneratorLib\PatientSpo2GeneratorLib.csproj", "{F0471AB6-C16F-4F9E-A0AB-88FF974BE3D4}"
EndProject
Project("{FAE04EC0-301F-11D3-BF4B-00C04F79EFBC}") = "PatientPulserateGeneratorLib", "PatientPulserateGeneratorLib\PatientPulserateGeneratorLib.csproj", "{3623F843-4B29-4613-B762-194F2BCE4A1A}"
EndProject
Project("{FAE04EC0-301F-11D3-BF4B-00C04F79EFBC}") = "PatientTemperatureGeneratorLib", "PatientTemperatureGeneratorLib\PatientTemperatureGeneratorLib.csproj", "{9538FDEE-3E9E-486F-B4DE-86A75061F353}"
EndProject
Project("{FAE04EC0-301F-11D3-BF4B-00C04F79EFBC}") = "FactoryLib", "FactoryLib\FactoryLib.csproj", "{3233EF43-BA2C-4B35-BDD4-301A60CAE076}"
EndProject
Project("{FAE04EC0-301F-11D3-BF4B-00C04F79EFBC}") = "PatientMonitoring.Test", "PatientMonitoring.Test\PatientMonitoring.Test.csproj", "{D3DAB90D-826A-4C58-BC49-A53490D6B446}"
EndProject
Project("{FAE04EC0-301F-11D3-BF4B-00C04F79EFBC}") = "PatientVitalSignWriter.Test", "PatientVitalSignWriter.Test\PatientVitalSignWriter.Test.csproj", "{7921A3A4-BA4D-44BE-901B-04792FA56F0B}"
EndProject
Project("{FAE04EC0-301F-11D3-BF4B-00C04F79EFBC}") = "AlertingSystem.Test", "AlertingSystem.Test\AlertingSystem.Test.csproj", "{CAA2CEC1-05B7-4143-A7C9-68381A6901B2}"
EndProject
Project("{FAE04EC0-301F-11D3-BF4B-00C04F79EFBC}") = "AlertingController.Test", "AlertingController.Test\AlertingController.Test.csproj", "{86311F5E-3423-43FC-9EFC-060CB3F281A4}"
EndProject
Project("{FAE04EC0-301F-11D3-BF4B-00C04F79EFBC}") = "DataStoreController.Test", "DataStoreController.Test\DataStoreController.Test.csproj", "{2AA7D3D7-EBD4-40FA-8DBD-1F94046729C5}"
EndProject
Project("{2150E333-8FDC-42A3-9474-1A3956D46DE8}") = "BusinessLogic", "BusinessLogic", "{A5938630-60D4-4044-8B6C-BE02A2D3D8A1}"
EndProject
Project("{2150E333-8FDC-42A3-9474-1A3956D46DE8}") = "Factory", "Factory", "{50E1F691-CCED-4A8D-925B-CDACB0BE3725}"
EndProject
Project("{2150E333-8FDC-42A3-9474-1A3956D46DE8}") = "ServiceHost", "ServiceHost", "{6DB63C29-7AF0-40FE-ABF4-2C1836F260B0}"
EndProject
Project("{2150E333-8FDC-42A3-9474-1A3956D46DE8}") = "UnitTestCases", "UnitTestCases", "{123F7755-3950-48DB-AD9B-B5FBA81BF4E2}"
EndProject
Project("{FAE04EC0-301F-11D3-BF4B-00C04F79EFBC}") = "DataAccessContractLib", "DataAccessContractLib\DataAccessContractLib.csproj", "{F40713E6-C5C6-430F-A55E-2DDB24E61CE2}"
EndProject
Project("{FAE04EC0-301F-11D3-BF4B-00C04F79EFBC}") = "DataAccessLib", "DataAccessLib\DataAccessLib.csproj", "{831DF259-BC5A-42E5-9BCE-4CD81081D6E5}"
EndProject
Project("{2150E333-8FDC-42A3-9474-1A3956D46DE8}") = "DataAccessLayer", "DataAccessLayer", "{4E6AFC0B-36C0-46B3-A8ED-BB15E3F787D8}"
EndProject
Project("{FAE04EC0-301F-11D3-BF4B-00C04F79EFBC}") = "ConstantLib", "ConstantLib\ConstantLib.csproj", "{7EA1D987-A21A-4B4C-8102-C95A56893197}"
EndProject
Project("{FAE04EC0-301F-11D3-BF4B-00C04F79EFBC}") = "JsonVitalSignParserControllerContractLib", "JsonVitalSignParserControllerContractLib\JsonVitalSignParserControllerContractLib.csproj", "{48C97E09-E0FD-449E-9385-C741E6CBE636}"
EndProject
Project("{FAE04EC0-301F-11D3-BF4B-00C04F79EFBC}") = "DBManagerLib", "PatientRegistration\DBManagerLib\DBManagerLib.csproj", "{A1C8F8EE-4C4C-4095-BDA1-85C2FF55FC04}"
EndProject
Project("{FAE04EC0-301F-11D3-BF4B-00C04F79EFBC}") = "PatientDBQuery", "PatientRegistration\PatientDBQuery\PatientDBQuery.csproj", "{6BD90F93-57FD-4B42-A0C5-006D31FADA16}"
EndProject
Project("{FAE04EC0-301F-11D3-BF4B-00C04F79EFBC}") = "PatientDbQueryControllerContractLib", "PatientRegistration\PatientDbQueryControllerContractLib\PatientDbQueryControllerContractLib.csproj", "{589F7672-DD7C-412B-A7FC-DA7E891F9ADD}"
EndProject
Project("{FAE04EC0-301F-11D3-BF4B-00C04F79EFBC}") = "PatientDbQuery.Test", "PatientDbQuery.Test\PatientDbQuery.Test.csproj", "{F3067823-3EE6-4062-AC87-B7483EAA3788}"
EndProject
Project("{FAE04EC0-301F-11D3-BF4B-00C04F79EFBC}") = "DataContractsLib", "DataContractsLib\DataContractsLib.csproj", "{D1035962-FDCE-4193-A2F4-5B9894103408}"
EndProject
Global
	GlobalSection(SolutionConfigurationPlatforms) = preSolution
		Debug|Any CPU = Debug|Any CPU
		Release|Any CPU = Release|Any CPU
	EndGlobalSection
	GlobalSection(ProjectConfigurationPlatforms) = postSolution
		{FB3F57FE-EF5E-4C8C-A75F-397651C8E2AD}.Debug|Any CPU.ActiveCfg = Debug|Any CPU
		{FB3F57FE-EF5E-4C8C-A75F-397651C8E2AD}.Debug|Any CPU.Build.0 = Debug|Any CPU
		{FB3F57FE-EF5E-4C8C-A75F-397651C8E2AD}.Release|Any CPU.ActiveCfg = Release|Any CPU
		{FB3F57FE-EF5E-4C8C-A75F-397651C8E2AD}.Release|Any CPU.Build.0 = Release|Any CPU
		{83AC438B-3593-4FC2-A831-BB0B9119D922}.Debug|Any CPU.ActiveCfg = Debug|Any CPU
		{83AC438B-3593-4FC2-A831-BB0B9119D922}.Debug|Any CPU.Build.0 = Debug|Any CPU
		{83AC438B-3593-4FC2-A831-BB0B9119D922}.Release|Any CPU.ActiveCfg = Release|Any CPU
		{83AC438B-3593-4FC2-A831-BB0B9119D922}.Release|Any CPU.Build.0 = Release|Any CPU
		{D30FB424-628A-41FA-8996-1A339E805E42}.Debug|Any CPU.ActiveCfg = Debug|Any CPU
		{D30FB424-628A-41FA-8996-1A339E805E42}.Debug|Any CPU.Build.0 = Debug|Any CPU
		{D30FB424-628A-41FA-8996-1A339E805E42}.Release|Any CPU.ActiveCfg = Release|Any CPU
		{D30FB424-628A-41FA-8996-1A339E805E42}.Release|Any CPU.Build.0 = Release|Any CPU
		{B40140AD-E904-4C03-9F10-3DE526BBCEAA}.Debug|Any CPU.ActiveCfg = Debug|Any CPU
		{B40140AD-E904-4C03-9F10-3DE526BBCEAA}.Debug|Any CPU.Build.0 = Debug|Any CPU
		{B40140AD-E904-4C03-9F10-3DE526BBCEAA}.Release|Any CPU.ActiveCfg = Release|Any CPU
		{B40140AD-E904-4C03-9F10-3DE526BBCEAA}.Release|Any CPU.Build.0 = Release|Any CPU
		{695ED32C-C442-44C4-BDBA-B2717A11440D}.Debug|Any CPU.ActiveCfg = Debug|Any CPU
		{695ED32C-C442-44C4-BDBA-B2717A11440D}.Debug|Any CPU.Build.0 = Debug|Any CPU
		{695ED32C-C442-44C4-BDBA-B2717A11440D}.Release|Any CPU.ActiveCfg = Release|Any CPU
		{695ED32C-C442-44C4-BDBA-B2717A11440D}.Release|Any CPU.Build.0 = Release|Any CPU
		{C2B2FFB7-F12B-42BC-83B0-2BF26A46C976}.Debug|Any CPU.ActiveCfg = Debug|Any CPU
		{C2B2FFB7-F12B-42BC-83B0-2BF26A46C976}.Debug|Any CPU.Build.0 = Debug|Any CPU
		{C2B2FFB7-F12B-42BC-83B0-2BF26A46C976}.Release|Any CPU.ActiveCfg = Release|Any CPU
		{C2B2FFB7-F12B-42BC-83B0-2BF26A46C976}.Release|Any CPU.Build.0 = Release|Any CPU
		{0359688A-AC90-442B-A5A4-873E91DE0AB5}.Debug|Any CPU.ActiveCfg = Debug|Any CPU
		{0359688A-AC90-442B-A5A4-873E91DE0AB5}.Debug|Any CPU.Build.0 = Debug|Any CPU
		{0359688A-AC90-442B-A5A4-873E91DE0AB5}.Release|Any CPU.ActiveCfg = Release|Any CPU
		{0359688A-AC90-442B-A5A4-873E91DE0AB5}.Release|Any CPU.Build.0 = Release|Any CPU
		{AED2419B-7B57-4AA1-8B47-E2036D926A48}.Debug|Any CPU.ActiveCfg = Debug|Any CPU
		{AED2419B-7B57-4AA1-8B47-E2036D926A48}.Debug|Any CPU.Build.0 = Debug|Any CPU
		{AED2419B-7B57-4AA1-8B47-E2036D926A48}.Release|Any CPU.ActiveCfg = Release|Any CPU
		{AED2419B-7B57-4AA1-8B47-E2036D926A48}.Release|Any CPU.Build.0 = Release|Any CPU
		{5F57A493-CA10-43D2-8AE5-2EA45E590899}.Debug|Any CPU.ActiveCfg = Debug|Any CPU
		{5F57A493-CA10-43D2-8AE5-2EA45E590899}.Debug|Any CPU.Build.0 = Debug|Any CPU
		{5F57A493-CA10-43D2-8AE5-2EA45E590899}.Release|Any CPU.ActiveCfg = Release|Any CPU
		{5F57A493-CA10-43D2-8AE5-2EA45E590899}.Release|Any CPU.Build.0 = Release|Any CPU
		{BEB070BD-D818-43A6-B52F-D983E89E885A}.Debug|Any CPU.ActiveCfg = Debug|Any CPU
		{BEB070BD-D818-43A6-B52F-D983E89E885A}.Debug|Any CPU.Build.0 = Debug|Any CPU
		{BEB070BD-D818-43A6-B52F-D983E89E885A}.Release|Any CPU.ActiveCfg = Release|Any CPU
		{BEB070BD-D818-43A6-B52F-D983E89E885A}.Release|Any CPU.Build.0 = Release|Any CPU
		{62380424-2B7F-4A09-8F90-CDCB623A4478}.Debug|Any CPU.ActiveCfg = Debug|Any CPU
		{62380424-2B7F-4A09-8F90-CDCB623A4478}.Debug|Any CPU.Build.0 = Debug|Any CPU
		{62380424-2B7F-4A09-8F90-CDCB623A4478}.Release|Any CPU.ActiveCfg = Release|Any CPU
		{62380424-2B7F-4A09-8F90-CDCB623A4478}.Release|Any CPU.Build.0 = Release|Any CPU
		{D4D2493D-3125-4A3E-BE1C-9D467D01B053}.Debug|Any CPU.ActiveCfg = Debug|Any CPU
		{D4D2493D-3125-4A3E-BE1C-9D467D01B053}.Debug|Any CPU.Build.0 = Debug|Any CPU
		{D4D2493D-3125-4A3E-BE1C-9D467D01B053}.Release|Any CPU.ActiveCfg = Release|Any CPU
		{D4D2493D-3125-4A3E-BE1C-9D467D01B053}.Release|Any CPU.Build.0 = Release|Any CPU
		{D90B74F6-67C4-4814-85E8-2C98FEEBA868}.Debug|Any CPU.ActiveCfg = Debug|Any CPU
		{D90B74F6-67C4-4814-85E8-2C98FEEBA868}.Debug|Any CPU.Build.0 = Debug|Any CPU
		{D90B74F6-67C4-4814-85E8-2C98FEEBA868}.Release|Any CPU.ActiveCfg = Release|Any CPU
		{D90B74F6-67C4-4814-85E8-2C98FEEBA868}.Release|Any CPU.Build.0 = Release|Any CPU
		{79F67790-56DD-4B4F-92EC-279A1056DD5F}.Debug|Any CPU.ActiveCfg = Debug|Any CPU
		{79F67790-56DD-4B4F-92EC-279A1056DD5F}.Debug|Any CPU.Build.0 = Debug|Any CPU
		{79F67790-56DD-4B4F-92EC-279A1056DD5F}.Release|Any CPU.ActiveCfg = Release|Any CPU
		{79F67790-56DD-4B4F-92EC-279A1056DD5F}.Release|Any CPU.Build.0 = Release|Any CPU
		{86731570-6C36-4F7A-AB83-BC1F6299E43B}.Debug|Any CPU.ActiveCfg = Debug|Any CPU
		{86731570-6C36-4F7A-AB83-BC1F6299E43B}.Debug|Any CPU.Build.0 = Debug|Any CPU
		{86731570-6C36-4F7A-AB83-BC1F6299E43B}.Release|Any CPU.ActiveCfg = Release|Any CPU
		{86731570-6C36-4F7A-AB83-BC1F6299E43B}.Release|Any CPU.Build.0 = Release|Any CPU
		{D4E0B900-586A-4B84-B88D-4BC1735D142F}.Debug|Any CPU.ActiveCfg = Debug|Any CPU
		{D4E0B900-586A-4B84-B88D-4BC1735D142F}.Debug|Any CPU.Build.0 = Debug|Any CPU
		{D4E0B900-586A-4B84-B88D-4BC1735D142F}.Release|Any CPU.ActiveCfg = Release|Any CPU
		{D4E0B900-586A-4B84-B88D-4BC1735D142F}.Release|Any CPU.Build.0 = Release|Any CPU
		{7BA09F25-CC1A-4AD5-B13D-A6F890E29FFF}.Debug|Any CPU.ActiveCfg = Debug|Any CPU
		{7BA09F25-CC1A-4AD5-B13D-A6F890E29FFF}.Debug|Any CPU.Build.0 = Debug|Any CPU
		{7BA09F25-CC1A-4AD5-B13D-A6F890E29FFF}.Release|Any CPU.ActiveCfg = Release|Any CPU
		{7BA09F25-CC1A-4AD5-B13D-A6F890E29FFF}.Release|Any CPU.Build.0 = Release|Any CPU
		{8C092B83-97E0-4DF8-9CF0-22DBCFC22B6A}.Debug|Any CPU.ActiveCfg = Debug|Any CPU
		{8C092B83-97E0-4DF8-9CF0-22DBCFC22B6A}.Debug|Any CPU.Build.0 = Debug|Any CPU
		{8C092B83-97E0-4DF8-9CF0-22DBCFC22B6A}.Release|Any CPU.ActiveCfg = Release|Any CPU
		{8C092B83-97E0-4DF8-9CF0-22DBCFC22B6A}.Release|Any CPU.Build.0 = Release|Any CPU
		{A01BF447-7604-4785-AA1E-ACEC9022EF83}.Debug|Any CPU.ActiveCfg = Debug|Any CPU
		{A01BF447-7604-4785-AA1E-ACEC9022EF83}.Debug|Any CPU.Build.0 = Debug|Any CPU
		{A01BF447-7604-4785-AA1E-ACEC9022EF83}.Release|Any CPU.ActiveCfg = Release|Any CPU
		{A01BF447-7604-4785-AA1E-ACEC9022EF83}.Release|Any CPU.Build.0 = Release|Any CPU
		{3CF29AC9-F06D-4B22-A6C9-E4D4D7E1CF30}.Debug|Any CPU.ActiveCfg = Debug|Any CPU
		{3CF29AC9-F06D-4B22-A6C9-E4D4D7E1CF30}.Debug|Any CPU.Build.0 = Debug|Any CPU
		{3CF29AC9-F06D-4B22-A6C9-E4D4D7E1CF30}.Release|Any CPU.ActiveCfg = Release|Any CPU
		{3CF29AC9-F06D-4B22-A6C9-E4D4D7E1CF30}.Release|Any CPU.Build.0 = Release|Any CPU
		{4EE1C262-246F-4E00-BC9E-871F6E17ECE8}.Debug|Any CPU.ActiveCfg = Debug|Any CPU
		{4EE1C262-246F-4E00-BC9E-871F6E17ECE8}.Debug|Any CPU.Build.0 = Debug|Any CPU
		{4EE1C262-246F-4E00-BC9E-871F6E17ECE8}.Release|Any CPU.ActiveCfg = Release|Any CPU
		{4EE1C262-246F-4E00-BC9E-871F6E17ECE8}.Release|Any CPU.Build.0 = Release|Any CPU
		{0AC959AF-486D-41DB-B551-3313848A01E7}.Debug|Any CPU.ActiveCfg = Debug|Any CPU
		{0AC959AF-486D-41DB-B551-3313848A01E7}.Debug|Any CPU.Build.0 = Debug|Any CPU
		{0AC959AF-486D-41DB-B551-3313848A01E7}.Release|Any CPU.ActiveCfg = Release|Any CPU
		{0AC959AF-486D-41DB-B551-3313848A01E7}.Release|Any CPU.Build.0 = Release|Any CPU
		{DE3210F0-406D-4D3D-8724-CA057C86E367}.Debug|Any CPU.ActiveCfg = Debug|Any CPU
		{DE3210F0-406D-4D3D-8724-CA057C86E367}.Debug|Any CPU.Build.0 = Debug|Any CPU
		{DE3210F0-406D-4D3D-8724-CA057C86E367}.Release|Any CPU.ActiveCfg = Release|Any CPU
		{DE3210F0-406D-4D3D-8724-CA057C86E367}.Release|Any CPU.Build.0 = Release|Any CPU
		{561F26B5-EEA4-4BA5-BE4F-69B8333E2ACC}.Debug|Any CPU.ActiveCfg = Debug|Any CPU
		{561F26B5-EEA4-4BA5-BE4F-69B8333E2ACC}.Debug|Any CPU.Build.0 = Debug|Any CPU
		{561F26B5-EEA4-4BA5-BE4F-69B8333E2ACC}.Release|Any CPU.ActiveCfg = Release|Any CPU
		{561F26B5-EEA4-4BA5-BE4F-69B8333E2ACC}.Release|Any CPU.Build.0 = Release|Any CPU
		{CB8D2F1F-4486-41C8-B496-126608ECD85B}.Debug|Any CPU.ActiveCfg = Debug|Any CPU
		{CB8D2F1F-4486-41C8-B496-126608ECD85B}.Debug|Any CPU.Build.0 = Debug|Any CPU
		{CB8D2F1F-4486-41C8-B496-126608ECD85B}.Release|Any CPU.ActiveCfg = Release|Any CPU
		{CB8D2F1F-4486-41C8-B496-126608ECD85B}.Release|Any CPU.Build.0 = Release|Any CPU
		{F0471AB6-C16F-4F9E-A0AB-88FF974BE3D4}.Debug|Any CPU.ActiveCfg = Debug|Any CPU
		{F0471AB6-C16F-4F9E-A0AB-88FF974BE3D4}.Debug|Any CPU.Build.0 = Debug|Any CPU
		{F0471AB6-C16F-4F9E-A0AB-88FF974BE3D4}.Release|Any CPU.ActiveCfg = Release|Any CPU
		{F0471AB6-C16F-4F9E-A0AB-88FF974BE3D4}.Release|Any CPU.Build.0 = Release|Any CPU
		{3623F843-4B29-4613-B762-194F2BCE4A1A}.Debug|Any CPU.ActiveCfg = Debug|Any CPU
		{3623F843-4B29-4613-B762-194F2BCE4A1A}.Debug|Any CPU.Build.0 = Debug|Any CPU
		{3623F843-4B29-4613-B762-194F2BCE4A1A}.Release|Any CPU.ActiveCfg = Release|Any CPU
		{3623F843-4B29-4613-B762-194F2BCE4A1A}.Release|Any CPU.Build.0 = Release|Any CPU
		{9538FDEE-3E9E-486F-B4DE-86A75061F353}.Debug|Any CPU.ActiveCfg = Debug|Any CPU
		{9538FDEE-3E9E-486F-B4DE-86A75061F353}.Debug|Any CPU.Build.0 = Debug|Any CPU
		{9538FDEE-3E9E-486F-B4DE-86A75061F353}.Release|Any CPU.ActiveCfg = Release|Any CPU
		{9538FDEE-3E9E-486F-B4DE-86A75061F353}.Release|Any CPU.Build.0 = Release|Any CPU
		{3233EF43-BA2C-4B35-BDD4-301A60CAE076}.Debug|Any CPU.ActiveCfg = Debug|Any CPU
		{3233EF43-BA2C-4B35-BDD4-301A60CAE076}.Debug|Any CPU.Build.0 = Debug|Any CPU
		{3233EF43-BA2C-4B35-BDD4-301A60CAE076}.Release|Any CPU.ActiveCfg = Release|Any CPU
		{3233EF43-BA2C-4B35-BDD4-301A60CAE076}.Release|Any CPU.Build.0 = Release|Any CPU
		{D3DAB90D-826A-4C58-BC49-A53490D6B446}.Debug|Any CPU.ActiveCfg = Debug|Any CPU
		{D3DAB90D-826A-4C58-BC49-A53490D6B446}.Debug|Any CPU.Build.0 = Debug|Any CPU
		{D3DAB90D-826A-4C58-BC49-A53490D6B446}.Release|Any CPU.ActiveCfg = Release|Any CPU
		{D3DAB90D-826A-4C58-BC49-A53490D6B446}.Release|Any CPU.Build.0 = Release|Any CPU
		{7921A3A4-BA4D-44BE-901B-04792FA56F0B}.Debug|Any CPU.ActiveCfg = Debug|Any CPU
		{7921A3A4-BA4D-44BE-901B-04792FA56F0B}.Debug|Any CPU.Build.0 = Debug|Any CPU
		{7921A3A4-BA4D-44BE-901B-04792FA56F0B}.Release|Any CPU.ActiveCfg = Release|Any CPU
		{7921A3A4-BA4D-44BE-901B-04792FA56F0B}.Release|Any CPU.Build.0 = Release|Any CPU
		{CAA2CEC1-05B7-4143-A7C9-68381A6901B2}.Debug|Any CPU.ActiveCfg = Debug|Any CPU
		{CAA2CEC1-05B7-4143-A7C9-68381A6901B2}.Debug|Any CPU.Build.0 = Debug|Any CPU
		{CAA2CEC1-05B7-4143-A7C9-68381A6901B2}.Release|Any CPU.ActiveCfg = Release|Any CPU
		{CAA2CEC1-05B7-4143-A7C9-68381A6901B2}.Release|Any CPU.Build.0 = Release|Any CPU
		{86311F5E-3423-43FC-9EFC-060CB3F281A4}.Debug|Any CPU.ActiveCfg = Debug|Any CPU
		{86311F5E-3423-43FC-9EFC-060CB3F281A4}.Debug|Any CPU.Build.0 = Debug|Any CPU
		{86311F5E-3423-43FC-9EFC-060CB3F281A4}.Release|Any CPU.ActiveCfg = Release|Any CPU
		{86311F5E-3423-43FC-9EFC-060CB3F281A4}.Release|Any CPU.Build.0 = Release|Any CPU
		{2AA7D3D7-EBD4-40FA-8DBD-1F94046729C5}.Debug|Any CPU.ActiveCfg = Debug|Any CPU
		{2AA7D3D7-EBD4-40FA-8DBD-1F94046729C5}.Debug|Any CPU.Build.0 = Debug|Any CPU
		{2AA7D3D7-EBD4-40FA-8DBD-1F94046729C5}.Release|Any CPU.ActiveCfg = Release|Any CPU
		{2AA7D3D7-EBD4-40FA-8DBD-1F94046729C5}.Release|Any CPU.Build.0 = Release|Any CPU
		{F40713E6-C5C6-430F-A55E-2DDB24E61CE2}.Debug|Any CPU.ActiveCfg = Debug|Any CPU
		{F40713E6-C5C6-430F-A55E-2DDB24E61CE2}.Debug|Any CPU.Build.0 = Debug|Any CPU
		{F40713E6-C5C6-430F-A55E-2DDB24E61CE2}.Release|Any CPU.ActiveCfg = Release|Any CPU
		{F40713E6-C5C6-430F-A55E-2DDB24E61CE2}.Release|Any CPU.Build.0 = Release|Any CPU
		{831DF259-BC5A-42E5-9BCE-4CD81081D6E5}.Debug|Any CPU.ActiveCfg = Debug|Any CPU
		{831DF259-BC5A-42E5-9BCE-4CD81081D6E5}.Debug|Any CPU.Build.0 = Debug|Any CPU
		{831DF259-BC5A-42E5-9BCE-4CD81081D6E5}.Release|Any CPU.ActiveCfg = Release|Any CPU
		{831DF259-BC5A-42E5-9BCE-4CD81081D6E5}.Release|Any CPU.Build.0 = Release|Any CPU
		{7EA1D987-A21A-4B4C-8102-C95A56893197}.Debug|Any CPU.ActiveCfg = Debug|Any CPU
		{7EA1D987-A21A-4B4C-8102-C95A56893197}.Debug|Any CPU.Build.0 = Debug|Any CPU
		{7EA1D987-A21A-4B4C-8102-C95A56893197}.Release|Any CPU.ActiveCfg = Release|Any CPU
		{7EA1D987-A21A-4B4C-8102-C95A56893197}.Release|Any CPU.Build.0 = Release|Any CPU
		{48C97E09-E0FD-449E-9385-C741E6CBE636}.Debug|Any CPU.ActiveCfg = Debug|Any CPU
		{48C97E09-E0FD-449E-9385-C741E6CBE636}.Debug|Any CPU.Build.0 = Debug|Any CPU
		{48C97E09-E0FD-449E-9385-C741E6CBE636}.Release|Any CPU.ActiveCfg = Release|Any CPU
		{48C97E09-E0FD-449E-9385-C741E6CBE636}.Release|Any CPU.Build.0 = Release|Any CPU
		{A1C8F8EE-4C4C-4095-BDA1-85C2FF55FC04}.Debug|Any CPU.ActiveCfg = Debug|Any CPU
		{A1C8F8EE-4C4C-4095-BDA1-85C2FF55FC04}.Debug|Any CPU.Build.0 = Debug|Any CPU
		{A1C8F8EE-4C4C-4095-BDA1-85C2FF55FC04}.Release|Any CPU.ActiveCfg = Release|Any CPU
		{A1C8F8EE-4C4C-4095-BDA1-85C2FF55FC04}.Release|Any CPU.Build.0 = Release|Any CPU
		{6BD90F93-57FD-4B42-A0C5-006D31FADA16}.Debug|Any CPU.ActiveCfg = Debug|Any CPU
		{6BD90F93-57FD-4B42-A0C5-006D31FADA16}.Debug|Any CPU.Build.0 = Debug|Any CPU
		{6BD90F93-57FD-4B42-A0C5-006D31FADA16}.Release|Any CPU.ActiveCfg = Release|Any CPU
		{6BD90F93-57FD-4B42-A0C5-006D31FADA16}.Release|Any CPU.Build.0 = Release|Any CPU
		{589F7672-DD7C-412B-A7FC-DA7E891F9ADD}.Debug|Any CPU.ActiveCfg = Debug|Any CPU
		{589F7672-DD7C-412B-A7FC-DA7E891F9ADD}.Debug|Any CPU.Build.0 = Debug|Any CPU
		{589F7672-DD7C-412B-A7FC-DA7E891F9ADD}.Release|Any CPU.ActiveCfg = Release|Any CPU
		{589F7672-DD7C-412B-A7FC-DA7E891F9ADD}.Release|Any CPU.Build.0 = Release|Any CPU
		{F3067823-3EE6-4062-AC87-B7483EAA3788}.Debug|Any CPU.ActiveCfg = Debug|Any CPU
		{F3067823-3EE6-4062-AC87-B7483EAA3788}.Debug|Any CPU.Build.0 = Debug|Any CPU
		{F3067823-3EE6-4062-AC87-B7483EAA3788}.Release|Any CPU.ActiveCfg = Release|Any CPU
		{F3067823-3EE6-4062-AC87-B7483EAA3788}.Release|Any CPU.Build.0 = Release|Any CPU
		{D1035962-FDCE-4193-A2F4-5B9894103408}.Debug|Any CPU.ActiveCfg = Debug|Any CPU
		{D1035962-FDCE-4193-A2F4-5B9894103408}.Debug|Any CPU.Build.0 = Debug|Any CPU
		{D1035962-FDCE-4193-A2F4-5B9894103408}.Release|Any CPU.ActiveCfg = Release|Any CPU
		{D1035962-FDCE-4193-A2F4-5B9894103408}.Release|Any CPU.Build.0 = Release|Any CPU
	EndGlobalSection
	GlobalSection(SolutionProperties) = preSolution
		HideSolutionNode = FALSE
	EndGlobalSection
	GlobalSection(NestedProjects) = preSolution
		{FB3F57FE-EF5E-4C8C-A75F-397651C8E2AD} = {97C81E82-AB13-4554-80E3-698D7227FAE3}
		{83AC438B-3593-4FC2-A831-BB0B9119D922} = {C46B4DD0-7CE8-4A89-819B-F2FF5B688613}
		{D30FB424-628A-41FA-8996-1A339E805E42} = {97C81E82-AB13-4554-80E3-698D7227FAE3}
		{B40140AD-E904-4C03-9F10-3DE526BBCEAA} = {2DA559D2-BBBB-4887-AF7A-3A4ACE49CFA7}
		{695ED32C-C442-44C4-BDBA-B2717A11440D} = {4BE74B31-0226-4DB5-A43F-3D0A53EA3DD1}
		{C2B2FFB7-F12B-42BC-83B0-2BF26A46C976} = {97C81E82-AB13-4554-80E3-698D7227FAE3}
		{0359688A-AC90-442B-A5A4-873E91DE0AB5} = {C46B4DD0-7CE8-4A89-819B-F2FF5B688613}
		{AED2419B-7B57-4AA1-8B47-E2036D926A48} = {2DA559D2-BBBB-4887-AF7A-3A4ACE49CFA7}
		{5F57A493-CA10-43D2-8AE5-2EA45E590899} = {97C81E82-AB13-4554-80E3-698D7227FAE3}
		{BEB070BD-D818-43A6-B52F-D983E89E885A} = {97C81E82-AB13-4554-80E3-698D7227FAE3}
		{62380424-2B7F-4A09-8F90-CDCB623A4478} = {2DA559D2-BBBB-4887-AF7A-3A4ACE49CFA7}
		{D4D2493D-3125-4A3E-BE1C-9D467D01B053} = {2DA559D2-BBBB-4887-AF7A-3A4ACE49CFA7}
		{D90B74F6-67C4-4814-85E8-2C98FEEBA868} = {2DA559D2-BBBB-4887-AF7A-3A4ACE49CFA7}
		{79F67790-56DD-4B4F-92EC-279A1056DD5F} = {97C81E82-AB13-4554-80E3-698D7227FAE3}
		{86731570-6C36-4F7A-AB83-BC1F6299E43B} = {2DA559D2-BBBB-4887-AF7A-3A4ACE49CFA7}
		{D4E0B900-586A-4B84-B88D-4BC1735D142F} = {6DB63C29-7AF0-40FE-ABF4-2C1836F260B0}
		{C46B4DD0-7CE8-4A89-819B-F2FF5B688613} = {A5938630-60D4-4044-8B6C-BE02A2D3D8A1}
		{2DA559D2-BBBB-4887-AF7A-3A4ACE49CFA7} = {A5938630-60D4-4044-8B6C-BE02A2D3D8A1}
		{7BA09F25-CC1A-4AD5-B13D-A6F890E29FFF} = {D1D916AD-6504-4A05-9390-CAC16F75F530}
		{8C092B83-97E0-4DF8-9CF0-22DBCFC22B6A} = {97C81E82-AB13-4554-80E3-698D7227FAE3}
		{A01BF447-7604-4785-AA1E-ACEC9022EF83} = {97C81E82-AB13-4554-80E3-698D7227FAE3}
		{3CF29AC9-F06D-4B22-A6C9-E4D4D7E1CF30} = {D1D916AD-6504-4A05-9390-CAC16F75F530}
		{4EE1C262-246F-4E00-BC9E-871F6E17ECE8} = {97C81E82-AB13-4554-80E3-698D7227FAE3}
		{0AC959AF-486D-41DB-B551-3313848A01E7} = {C46B4DD0-7CE8-4A89-819B-F2FF5B688613}
		{DE3210F0-406D-4D3D-8724-CA057C86E367} = {D1D916AD-6504-4A05-9390-CAC16F75F530}
		{561F26B5-EEA4-4BA5-BE4F-69B8333E2ACC} = {97C81E82-AB13-4554-80E3-698D7227FAE3}
		{CB8D2F1F-4486-41C8-B496-126608ECD85B} = {97C81E82-AB13-4554-80E3-698D7227FAE3}
		{F0471AB6-C16F-4F9E-A0AB-88FF974BE3D4} = {C46B4DD0-7CE8-4A89-819B-F2FF5B688613}
		{3623F843-4B29-4613-B762-194F2BCE4A1A} = {C46B4DD0-7CE8-4A89-819B-F2FF5B688613}
		{9538FDEE-3E9E-486F-B4DE-86A75061F353} = {C46B4DD0-7CE8-4A89-819B-F2FF5B688613}
		{3233EF43-BA2C-4B35-BDD4-301A60CAE076} = {50E1F691-CCED-4A8D-925B-CDACB0BE3725}
		{D3DAB90D-826A-4C58-BC49-A53490D6B446} = {123F7755-3950-48DB-AD9B-B5FBA81BF4E2}
		{7921A3A4-BA4D-44BE-901B-04792FA56F0B} = {123F7755-3950-48DB-AD9B-B5FBA81BF4E2}
		{CAA2CEC1-05B7-4143-A7C9-68381A6901B2} = {123F7755-3950-48DB-AD9B-B5FBA81BF4E2}
		{86311F5E-3423-43FC-9EFC-060CB3F281A4} = {123F7755-3950-48DB-AD9B-B5FBA81BF4E2}
		{2AA7D3D7-EBD4-40FA-8DBD-1F94046729C5} = {123F7755-3950-48DB-AD9B-B5FBA81BF4E2}
		{F40713E6-C5C6-430F-A55E-2DDB24E61CE2} = {97C81E82-AB13-4554-80E3-698D7227FAE3}
		{831DF259-BC5A-42E5-9BCE-4CD81081D6E5} = {4E6AFC0B-36C0-46B3-A8ED-BB15E3F787D8}
		{7EA1D987-A21A-4B4C-8102-C95A56893197} = {50E1F691-CCED-4A8D-925B-CDACB0BE3725}
		{48C97E09-E0FD-449E-9385-C741E6CBE636} = {97C81E82-AB13-4554-80E3-698D7227FAE3}
		{A1C8F8EE-4C4C-4095-BDA1-85C2FF55FC04} = {4E6AFC0B-36C0-46B3-A8ED-BB15E3F787D8}
		{6BD90F93-57FD-4B42-A0C5-006D31FADA16} = {A5938630-60D4-4044-8B6C-BE02A2D3D8A1}
		{589F7672-DD7C-412B-A7FC-DA7E891F9ADD} = {97C81E82-AB13-4554-80E3-698D7227FAE3}
		{F3067823-3EE6-4062-AC87-B7483EAA3788} = {123F7755-3950-48DB-AD9B-B5FBA81BF4E2}
		{D1035962-FDCE-4193-A2F4-5B9894103408} = {4BE74B31-0226-4DB5-A43F-3D0A53EA3DD1}
	EndGlobalSection
	GlobalSection(ExtensibilityGlobals) = postSolution
		SolutionGuid = {3F4A9382-2E08-4171-957F-97128312DEE2}
	EndGlobalSection
EndGlobal
